%{
  "axon": {:hex, :axon, "0.5.1", "1ae3a2193df45e51fca912158320b2ca87cb7fba4df242bd3ebe245504d0ea1a", [:mix], [{:kino, "~> 0.7", [hex: :kino, repo: "hexpm", optional: true]}, {:kino_vega_lite, "~> 0.1.7", [hex: :kino_vega_lite, repo: "hexpm", optional: true]}, {:nx, "~> 0.5.0", [hex: :nx, repo: "hexpm", optional: false]}, {:table_rex, "~> 3.1.1", [hex: :table_rex, repo: "hexpm", optional: true]}], "hexpm", "d36f2a11c34c6c2b458f54df5c71ffdb7ed91c6a9ccd908faba909c84cc6a38e"},
  "bumblebee": {:hex, :bumblebee, "0.3.0", "ad6294b39b8fb2212620e9ed9fbebc936c574ae146d3f49b3e855e1254f7c981", [:mix], [{:axon, "~> 0.5.0", [hex: :axon, repo: "hexpm", optional: false]}, {:castore, "~> 0.1 or ~> 1.0", [hex: :castore, repo: "hexpm", optional: false]}, {:jason, "~> 1.4.0", [hex: :jason, repo: "hexpm", optional: false]}, {:nx, "~> 0.5.0", [hex: :nx, repo: "hexpm", optional: false]}, {:nx_image, "~> 0.1.0", [hex: :nx_image, repo: "hexpm", optional: false]}, {:nx_signal, "~> 0.1.0", [hex: :nx_signal, repo: "hexpm", optional: false]}, {:progress_bar, "~> 2.0", [hex: :progress_bar, repo: "hexpm", optional: false]}, {:tokenizers, "~> 0.3.1", [hex: :tokenizers, repo: "hexpm", optional: false]}, {:unpickler, "~> 0.1.0", [hex: :unpickler, repo: "hexpm", optional: false]}, {:unzip, "0.8.0", [hex: :unzip, repo: "hexpm", optional: false]}], "hexpm", "477ed5e15d4a5b18343086bed83e2990ca2ba67e0dc9e2d57518bda4cca4c95e"},
  "castore": {:hex, :castore, "1.0.3", "7130ba6d24c8424014194676d608cb989f62ef8039efd50ff4b3f33286d06db8", [:mix], [], "hexpm", "680ab01ef5d15b161ed6a95449fac5c6b8f60055677a8e79acf01b27baa4390b"},
  "complex": {:hex, :complex, "0.5.0", "af2d2331ff6170b61bb738695e481b27a66780e18763e066ee2cd863d0b1dd92", [:mix], [], "hexpm", "2683bd3c184466cfb94fad74cbfddfaa94b860e27ad4ca1bffe3bff169d91ef1"},
  "csv": {:hex, :csv, "2.5.0", "c47b5a5221bf2e56d6e8eb79e77884046d7fd516280dc7d9b674251e0ae46246", [:mix], [{:parallel_stream, "~> 1.0.4 or ~> 1.1.0", [hex: :parallel_stream, repo: "hexpm", optional: false]}], "hexpm", "e821f541487045c7591a1963eeb42afff0dfa99bdcdbeb3410795a2f59c77d34"},
  "decimal": {:hex, :decimal, "2.1.1", "5611dca5d4b2c3dd497dec8f68751f1f1a54755e8ed2a966c2633cf885973ad6", [:mix], [], "hexpm", "53cfe5f497ed0e7771ae1a475575603d77425099ba5faef9394932b35020ffcc"},
  "elixir_make": {:hex, :elixir_make, "0.7.7", "7128c60c2476019ed978210c245badf08b03dbec4f24d05790ef791da11aa17c", [:mix], [{:castore, "~> 0.1 or ~> 1.0", [hex: :castore, repo: "hexpm", optional: true]}], "hexpm", "5bc19fff950fad52bbe5f211b12db9ec82c6b34a9647da0c2224b8b8464c7e6c"},
  "exla": {:hex, :exla, "0.5.3", "f9496980a447ec2564b1646f89ee64379faef608c4a3ab6059f6a55117235e63", [:make, :mix], [{:elixir_make, "~> 0.6", [hex: :elixir_make, repo: "hexpm", optional: false]}, {:nx, "~> 0.5.1", [hex: :nx, repo: "hexpm", optional: false]}, {:telemetry, "~> 0.4.0 or ~> 1.0", [hex: :telemetry, repo: "hexpm", optional: false]}, {:xla, "~> 0.4.4", [hex: :xla, repo: "hexpm", optional: false]}], "hexpm", "41c0523217e9ed4007c005be08ec5692b76f509f0103a2c4f6b2ed016213a48e"},
  "jason": {:hex, :jason, "1.4.1", "af1504e35f629ddcdd6addb3513c3853991f694921b1b9368b0bd32beb9f1b63", [:mix], [{:decimal, "~> 1.0 or ~> 2.0", [hex: :decimal, repo: "hexpm", optional: true]}], "hexpm", "fbb01ecdfd565b56261302f7e1fcc27c4fb8f32d56eab74db621fc154604a7a1"},
  "nimble_csv": {:hex, :nimble_csv, "1.2.0", "4e26385d260c61eba9d4412c71cea34421f296d5353f914afe3f2e71cce97722", [:mix], [], "hexpm", "d0628117fcc2148178b034044c55359b26966c6eaa8e2ce15777be3bbc91b12a"},
  "nx": {:hex, :nx, "0.5.3", "6ad5534f9b82429dafa12329952708c2fdd6ab01b306e86333fdea72383147ee", [:mix], [{:complex, "~> 0.5", [hex: :complex, repo: "hexpm", optional: false]}, {:telemetry, "~> 0.4.0 or ~> 1.0", [hex: :telemetry, repo: "hexpm", optional: false]}], "hexpm", "d1072fc4423809ed09beb729e73c200ce177ddecac425d9eb6fba643669623ec"},
  "nx_image": {:hex, :nx_image, "0.1.1", "69cf0d2fd873d12b028583aa49b5e0a25f6aca307afc337a5d871851a20fba1d", [:mix], [{:nx, "~> 0.4", [hex: :nx, repo: "hexpm", optional: false]}], "hexpm", "55c8206a822237f6027168f11214e3887263c5b8a1f8e0634eea82c96e5093e3"},
  "nx_signal": {:hex, :nx_signal, "0.1.0", "403ac73140e2f368e827e0aca1a3035abaf6d890b00376742b359a6838e00d7f", [:mix], [{:nx, "~> 0.5", [hex: :nx, repo: "hexpm", optional: false]}], "hexpm", "1c68f2f0d186700819287f37ee6154a11e06bf5dbb30b73fcc92776293309a05"},
  "parallel_stream": {:hex, :parallel_stream, "1.1.0", "f52f73eb344bc22de335992377413138405796e0d0ad99d995d9977ac29f1ca9", [:mix], [], "hexpm", "684fd19191aedfaf387bbabbeb8ff3c752f0220c8112eb907d797f4592d6e871"},
  "progress_bar": {:hex, :progress_bar, "2.0.2", "b6d2c867aff176775355c922d1991dd12d6084a2a3b5a706932ac0e065db128c", [:mix], [{:decimal, "~> 2.0", [hex: :decimal, repo: "hexpm", optional: false]}], "hexpm", "f69f1d301ae68b92f5866b5853c817adff55c4f982cc24d99e8b76d61a2a25c1"},
  "rustler_precompiled": {:hex, :rustler_precompiled, "0.6.2", "d2218ba08a43fa331957f30481d00b666664d7e3861431b02bd3f4f30eec8e5b", [:mix], [{:castore, "~> 0.1 or ~> 1.0", [hex: :castore, repo: "hexpm", optional: false]}, {:rustler, "~> 0.23", [hex: :rustler, repo: "hexpm", optional: true]}], "hexpm", "b9048eaed8d7d14a53f758c91865cc616608a438d2595f621f6a4b32a5511709"},
  "telemetry": {:hex, :telemetry, "1.2.1", "68fdfe8d8f05a8428483a97d7aab2f268aaff24b49e0f599faa091f1d4e7f61c", [:rebar3], [], "hexpm", "dad9ce9d8effc621708f99eac538ef1cbe05d6a874dd741de2e689c47feafed5"},
  "tokenizers": {:hex, :tokenizers, "0.3.2", "78c6238690a0467c613c8ba3c59338235594a78f870e8f8151b9614516dee0fd", [:mix], [{:castore, "~> 0.1 or ~> 1.0", [hex: :castore, repo: "hexpm", optional: false]}, {:rustler, ">= 0.0.0", [hex: :rustler, repo: "hexpm", optional: true]}, {:rustler_precompiled, "~> 0.6", [hex: :rustler_precompiled, repo: "hexpm", optional: false]}], "hexpm", "f6dd9a798e81cf2f3359e1731836ed0a351cae4da5d5d570a7ef3d0543e9cf85"},
  "unpickler": {:hex, :unpickler, "0.1.0", "c2262c0819e6985b761e7107546cef96a485f401816be5304a65fdd200d5bd6a", [:mix], [], "hexpm", "e2b3f61e62406187ac52afead8a63bfb4e49394028993f3c4c42712743cab79e"},
  "unzip": {:hex, :unzip, "0.8.0", "ee21d87c21b01567317387dab4228ac570ca15b41cfc221a067354cbf8e68c4d", [:mix], [], "hexpm", "ffa67a483efcedcb5876971a50947222e104d5f8fea2c4a0441e6f7967854827"},
  "xla": {:hex, :xla, "0.4.4", "c3a8ed1f579bda949df505e49ff65415c8281d991fbd6ae1d8f3c5d0fd155f54", [:make, :mix], [{:elixir_make, "~> 0.4", [hex: :elixir_make, repo: "hexpm", optional: false]}], "hexpm", "484f3f9011db3c9f1ff1e98eecefd382f3882a07ada540fd58803db1d2dab671"},
}
